
Microsoft Visual Studio Solution File, Format Version 12.00
# Visual Studio Version 17
VisualStudioVersion = 17.4.33205.214
MinimumVisualStudioVersion = 10.0.40219.1
Project("{888888A0-9F3D-457C-B088-3A5042F75D52}") = "18.04", "18.04.pyproj", "{E539DC94-3139-4129-89CB-C2909FF8CE95}"
EndProject
Global
	GlobalSection(SolutionConfigurationPlatforms) = preSolution
		Debug|Any CPU = Debug|Any CPU
		Release|Any CPU = Release|Any CPU
	EndGlobalSection
	GlobalSection(ProjectConfigurationPlatforms) = postSolution
		{E539DC94-3139-4129-89CB-C2909FF8CE95}.Debug|Any CPU.ActiveCfg = Debug|Any CPU
		{E539DC94-3139-4129-89CB-C2909FF8CE95}.Release|Any CPU.ActiveCfg = Release|Any CPU
	EndGlobalSection
	GlobalSection(SolutionProperties) = preSolution
		HideSolutionNode = FALSE
	EndGlobalSection
	GlobalSection(ExtensibilityGlobals) = postSolution
		SolutionGuid = {53461E56-B4F5-4277-AB43-DA2DFBD4BF69}
	EndGlobalSection
EndGlobal
